GEM
  remote: https://rubygems.org/
  specs:
    eksa-server (1.1.0)
      logger
      nio4r (~> 2.0)
      rack (~> 3.0)
      rackup (~> 2.0)
    erb (6.0.2)
    logger (1.7.0)
    nio4r (2.7.5)
    rack (3.2.5)
    rackup (2.3.1)
      rack (>= 3)

PLATFORMS
  ruby
  x86_64-linux-gnu

DEPENDENCIES
  eksa-server
  erb
  logger
  rack
  rackup

CHECKSUMS
  eksa-server (1.1.0) sha256=4f9b93360d4b5e28107c57c483684b11fbd974b37bd2892ca0f9557e0dd9cf26
  erb (6.0.2) sha256=9fe6264d44f79422c87490a1558479bd0e7dad4dd0e317656e67ea3077b5242b
  logger (1.7.0) sha256=196edec7cc44b66cfb40f9755ce11b392f21f7967696af15d274dde7edff0203
  nio4r (2.7.5) sha256=6c90168e48fb5f8e768419c93abb94ba2b892a1d0602cb06eef16d8b7df1dca1
  rack (3.2.5) sha256=4cbd0974c0b79f7a139b4812004a62e4c60b145cba76422e288ee670601ed6d3
  rackup (2.3.1) sha256=6c79c26753778e90983761d677a48937ee3192b3ffef6bc963c0950f94688868

BUNDLED WITH
  4.0.4
